
Microsoft Visual Studio Solution File, Format Version 12.00
# Visual Studio Version 17
VisualStudioVersion = 17.14.36414.22 d17.14
MinimumVisualStudioVersion = 10.0.40219.1
Project("{FAE04EC0-301F-11D3-BF4B-00C04F79EFBC}") = "Tripsprint", "Tripsprint.csproj", "{78B992D0-48C2-4969-80FF-FB30CE6B50F6}"
EndProject
Global
	GlobalSection(SolutionConfigurationPlatforms) = preSolution
		Debug|Any CPU = Debug|Any CPU
		Release|Any CPU = Release|Any CPU
	EndGlobalSection
	GlobalSection(ProjectConfigurationPlatforms) = postSolution
		{78B992D0-48C2-4969-80FF-FB30CE6B50F6}.Debug|Any CPU.ActiveCfg = Debug|Any CPU
		{78B992D0-48C2-4969-80FF-FB30CE6B50F6}.Debug|Any CPU.Build.0 = Debug|Any CPU
		{78B992D0-48C2-4969-80FF-FB30CE6B50F6}.Release|Any CPU.ActiveCfg = Release|Any CPU
		{78B992D0-48C2-4969-80FF-FB30CE6B50F6}.Release|Any CPU.Build.0 = Release|Any CPU
	EndGlobalSection
	GlobalSection(SolutionProperties) = preSolution
		HideSolutionNode = FALSE
	EndGlobalSection
	GlobalSection(ExtensibilityGlobals) = postSolution
		SolutionGuid = {9A4ABAFD-8F9D-42C5-8710-E46FA8028FEF}
	EndGlobalSection
EndGlobal
